
Microsoft Visual Studio Solution File, Format Version 12.00
# Visual Studio Version 17
VisualStudioVersion = 17.13.35825.156 d17.13
MinimumVisualStudioVersion = 10.0.40219.1
Project("{FAE04EC0-301F-11D3-BF4B-00C04F79EFBC}") = "Inheritance", "Inheritance\Inheritance.csproj", "{6C9C1E4F-9359-4ADE-B516-635EB0F44034}"
EndProject
Project("{FAE04EC0-301F-11D3-BF4B-00C04F79EFBC}") = "Encapsulation", "Encapsulation\Encapsulation.csproj", "{20CC7BFF-5AE8-4CC0-B900-B22266DFF862}"
EndProject
Project("{FAE04EC0-301F-11D3-BF4B-00C04F79EFBC}") = "Polymorphism", "Polymorphism\Polymorphism.csproj", "{1457521E-94DB-4ED2-95D5-3053664E7182}"
EndProject
Project("{FAE04EC0-301F-11D3-BF4B-00C04F79EFBC}") = "Abstraction", "Abstraction\Abstraction.csproj", "{7A4C2B98-DC48-4F2D-ABF5-1310486D919D}"
EndProject
Project("{FAE04EC0-301F-11D3-BF4B-00C04F79EFBC}") = "Parameters", "Parameters\Parameters.csproj", "{5A285DB9-C1A8-4043-BED2-9C674B306F31}"
EndProject
Project("{FAE04EC0-301F-11D3-BF4B-00C04F79EFBC}") = "ExceptionHandling", "ExceptionHandling\ExceptionHandling.csproj", "{B1DEA78C-75A3-41DF-BEC5-D589E4AC7233}"
EndProject
Global
	GlobalSection(SolutionConfigurationPlatforms) = preSolution
		Debug|Any CPU = Debug|Any CPU
		Release|Any CPU = Release|Any CPU
	EndGlobalSection
	GlobalSection(ProjectConfigurationPlatforms) = postSolution
		{6C9C1E4F-9359-4ADE-B516-635EB0F44034}.Debug|Any CPU.ActiveCfg = Debug|Any CPU
		{6C9C1E4F-9359-4ADE-B516-635EB0F44034}.Debug|Any CPU.Build.0 = Debug|Any CPU
		{6C9C1E4F-9359-4ADE-B516-635EB0F44034}.Release|Any CPU.ActiveCfg = Release|Any CPU
		{6C9C1E4F-9359-4ADE-B516-635EB0F44034}.Release|Any CPU.Build.0 = Release|Any CPU
		{20CC7BFF-5AE8-4CC0-B900-B22266DFF862}.Debug|Any CPU.ActiveCfg = Debug|Any CPU
		{20CC7BFF-5AE8-4CC0-B900-B22266DFF862}.Debug|Any CPU.Build.0 = Debug|Any CPU
		{20CC7BFF-5AE8-4CC0-B900-B22266DFF862}.Release|Any CPU.ActiveCfg = Release|Any CPU
		{20CC7BFF-5AE8-4CC0-B900-B22266DFF862}.Release|Any CPU.Build.0 = Release|Any CPU
		{1457521E-94DB-4ED2-95D5-3053664E7182}.Debug|Any CPU.ActiveCfg = Debug|Any CPU
		{1457521E-94DB-4ED2-95D5-3053664E7182}.Debug|Any CPU.Build.0 = Debug|Any CPU
		{1457521E-94DB-4ED2-95D5-3053664E7182}.Release|Any CPU.ActiveCfg = Release|Any CPU
		{1457521E-94DB-4ED2-95D5-3053664E7182}.Release|Any CPU.Build.0 = Release|Any CPU
		{7A4C2B98-DC48-4F2D-ABF5-1310486D919D}.Debug|Any CPU.ActiveCfg = Debug|Any CPU
		{7A4C2B98-DC48-4F2D-ABF5-1310486D919D}.Debug|Any CPU.Build.0 = Debug|Any CPU
		{7A4C2B98-DC48-4F2D-ABF5-1310486D919D}.Release|Any CPU.ActiveCfg = Release|Any CPU
		{7A4C2B98-DC48-4F2D-ABF5-1310486D919D}.Release|Any CPU.Build.0 = Release|Any CPU
		{5A285DB9-C1A8-4043-BED2-9C674B306F31}.Debug|Any CPU.ActiveCfg = Debug|Any CPU
		{5A285DB9-C1A8-4043-BED2-9C674B306F31}.Debug|Any CPU.Build.0 = Debug|Any CPU
		{5A285DB9-C1A8-4043-BED2-9C674B306F31}.Release|Any CPU.ActiveCfg = Release|Any CPU
		{5A285DB9-C1A8-4043-BED2-9C674B306F31}.Release|Any CPU.Build.0 = Release|Any CPU
		{B1DEA78C-75A3-41DF-BEC5-D589E4AC7233}.Debug|Any CPU.ActiveCfg = Debug|Any CPU
		{B1DEA78C-75A3-41DF-BEC5-D589E4AC7233}.Debug|Any CPU.Build.0 = Debug|Any CPU
		{B1DEA78C-75A3-41DF-BEC5-D589E4AC7233}.Release|Any CPU.ActiveCfg = Release|Any CPU
		{B1DEA78C-75A3-41DF-BEC5-D589E4AC7233}.Release|Any CPU.Build.0 = Release|Any CPU
	EndGlobalSection
	GlobalSection(SolutionProperties) = preSolution
		HideSolutionNode = FALSE
	EndGlobalSection
	GlobalSection(ExtensibilityGlobals) = postSolution
		SolutionGuid = {E4DF9894-D5C3-4714-87E1-CB4B935B28B9}
	EndGlobalSection
EndGlobal
